
Microsoft Visual Studio Solution File, Format Version 12.00
# Visual Studio Version 17
VisualStudioVersion = 17.8.34511.84
MinimumVisualStudioVersion = 10.0.40219.1
Project("{FAE04EC0-301F-11D3-BF4B-00C04F79EFBC}") = "LoanModule", "LoanModule\LoanModule.csproj", "{C794A0AA-68C6-4113-9C9B-DC95042A8A72}"
EndProject
Global
	GlobalSection(SolutionConfigurationPlatforms) = preSolution
		Debug|Any CPU = Debug|Any CPU
		Release|Any CPU = Release|Any CPU
	EndGlobalSection
	GlobalSection(ProjectConfigurationPlatforms) = postSolution
		{C794A0AA-68C6-4113-9C9B-DC95042A8A72}.Debug|Any CPU.ActiveCfg = Debug|Any CPU
		{C794A0AA-68C6-4113-9C9B-DC95042A8A72}.Debug|Any CPU.Build.0 = Debug|Any CPU
		{C794A0AA-68C6-4113-9C9B-DC95042A8A72}.Release|Any CPU.ActiveCfg = Release|Any CPU
		{C794A0AA-68C6-4113-9C9B-DC95042A8A72}.Release|Any CPU.Build.0 = Release|Any CPU
	EndGlobalSection
	GlobalSection(SolutionProperties) = preSolution
		HideSolutionNode = FALSE
	EndGlobalSection
	GlobalSection(ExtensibilityGlobals) = postSolution
		SolutionGuid = {CFB04B1D-B1B3-46CE-9E15-23607D94F52C}
	EndGlobalSection
EndGlobal
